
Microsoft Visual Studio Solution File, Format Version 12.00
# Visual Studio 15
VisualStudioVersion = 15.0.28010.2048
MinimumVisualStudioVersion = 10.0.40219.1
Project("{2150E333-8FDC-42A3-9474-1A3956D46DE8}") = "1-Presentation", "1-Presentation", "{1BD2B7D9-844F-4114-90E5-4A731726325A}"
EndProject
Project("{2150E333-8FDC-42A3-9474-1A3956D46DE8}") = "2-Services", "2-Services", "{1CB746EC-EAB5-4568-BB6B-057E4CB9557F}"
EndProject
Project("{2150E333-8FDC-42A3-9474-1A3956D46DE8}") = "3-Application", "3-Application", "{8E643F23-C3CA-40E0-BCAD-394507511446}"
EndProject
Project("{2150E333-8FDC-42A3-9474-1A3956D46DE8}") = "4-Domain", "4-Domain", "{94D131DC-0483-4E8D-B00A-05C6C0E99253}"
EndProject
Project("{2150E333-8FDC-42A3-9474-1A3956D46DE8}") = "5-Infra", "5-Infra", "{457CCDD9-9C4D-4476-BCEE-8CB5E08DEE15}"
EndProject
Project("{2150E333-8FDC-42A3-9474-1A3956D46DE8}") = "5.1-Data", "5.1-Data", "{D57365FD-CD5F-49BE-8698-FDE1A121D501}"
EndProject
Project("{2150E333-8FDC-42A3-9474-1A3956D46DE8}") = "5.2-CrossCutting", "5.2-CrossCutting", "{0737180A-2CF9-4EBF-AB23-096DBCCA14C6}"
EndProject
Project("{9A19103F-16F7-4668-BE54-9A1E7A4F7556}") = "TesteSWFast.IO.Domain", "..\TesteSWFast.IO.Domain\TesteSWFast.IO.Domain.csproj", "{44043A2E-0B9C-4BE1-AB2F-9E05C37A642E}"
EndProject
Project("{9A19103F-16F7-4668-BE54-9A1E7A4F7556}") = "TesteSWFast.IO.Core", "TesteSWFast.IO.Core\TesteSWFast.IO.Core.csproj", "{0F5B340F-9BEA-4294-9F04-25B4340271A4}"
EndProject
Project("{9A19103F-16F7-4668-BE54-9A1E7A4F7556}") = "TesteSWFast.IO.Infra.Data", "TesteSWFast.IO.Infra.Data\TesteSWFast.IO.Infra.Data.csproj", "{7D03C8FA-5407-4F24-A018-31D3DBB02F46}"
EndProject
Project("{9A19103F-16F7-4668-BE54-9A1E7A4F7556}") = "TesteSWFast.IO.Infra.CrossCutting.AspNetFilters", "TesteSWFast.IO.Infra.CrossCutting.AspNetFilters\TesteSWFast.IO.Infra.CrossCutting.AspNetFilters.csproj", "{5EBAF374-9AF5-444B-9186-70D846F8E746}"
EndProject
Project("{9A19103F-16F7-4668-BE54-9A1E7A4F7556}") = "TesteSWFast.IO.Infra.CrossCutting.Bus", "TesteSWFast.IO.Infra.CrossCutting.Bus\TesteSWFast.IO.Infra.CrossCutting.Bus.csproj", "{5578FD70-D0C0-4210-94F8-3E5C8085A1EF}"
EndProject
Project("{9A19103F-16F7-4668-BE54-9A1E7A4F7556}") = "TesteSWFast.IO.Infra.CrossCutting.Identity", "TesteSWFast.IO.Infra.CrossCutting.Identity\TesteSWFast.IO.Infra.CrossCutting.Identity.csproj", "{82948E71-0D88-4F90-935C-92A5AAB88639}"
EndProject
Project("{9A19103F-16F7-4668-BE54-9A1E7A4F7556}") = "TesteSWFast.IO.Infra.CrossCutting.IoC", "TesteSWFast.IO.Infra.CrossCutting.IoC\TesteSWFast.IO.Infra.CrossCutting.IoC.csproj", "{4B100AEB-171F-4167-AE18-943117E83744}"
EndProject
Project("{9A19103F-16F7-4668-BE54-9A1E7A4F7556}") = "TesteSWFast.IO.Application", "TesteSWFast.IO.Application\TesteSWFast.IO.Application.csproj", "{CFBEF248-3A7E-4D0C-BF9A-1C46707DA90D}"
EndProject
Project("{FAE04EC0-301F-11D3-BF4B-00C04F79EFBC}") = "TesteSWFast.IO.Site", "TesteSWFast.IO.Site\TesteSWFast.IO.Site.csproj", "{BE6BF3F6-6FA7-4636-A2A4-80705FE7E686}"
EndProject
Global
	GlobalSection(SolutionConfigurationPlatforms) = preSolution
		Debug|Any CPU = Debug|Any CPU
		Release|Any CPU = Release|Any CPU
	EndGlobalSection
	GlobalSection(ProjectConfigurationPlatforms) = postSolution
		{44043A2E-0B9C-4BE1-AB2F-9E05C37A642E}.Debug|Any CPU.ActiveCfg = Debug|Any CPU
		{44043A2E-0B9C-4BE1-AB2F-9E05C37A642E}.Debug|Any CPU.Build.0 = Debug|Any CPU
		{44043A2E-0B9C-4BE1-AB2F-9E05C37A642E}.Release|Any CPU.ActiveCfg = Release|Any CPU
		{44043A2E-0B9C-4BE1-AB2F-9E05C37A642E}.Release|Any CPU.Build.0 = Release|Any CPU
		{0F5B340F-9BEA-4294-9F04-25B4340271A4}.Debug|Any CPU.ActiveCfg = Debug|Any CPU
		{0F5B340F-9BEA-4294-9F04-25B4340271A4}.Debug|Any CPU.Build.0 = Debug|Any CPU
		{0F5B340F-9BEA-4294-9F04-25B4340271A4}.Release|Any CPU.ActiveCfg = Release|Any CPU
		{0F5B340F-9BEA-4294-9F04-25B4340271A4}.Release|Any CPU.Build.0 = Release|Any CPU
		{7D03C8FA-5407-4F24-A018-31D3DBB02F46}.Debug|Any CPU.ActiveCfg = Debug|Any CPU
		{7D03C8FA-5407-4F24-A018-31D3DBB02F46}.Debug|Any CPU.Build.0 = Debug|Any CPU
		{7D03C8FA-5407-4F24-A018-31D3DBB02F46}.Release|Any CPU.ActiveCfg = Release|Any CPU
		{7D03C8FA-5407-4F24-A018-31D3DBB02F46}.Release|Any CPU.Build.0 = Release|Any CPU
		{5EBAF374-9AF5-444B-9186-70D846F8E746}.Debug|Any CPU.ActiveCfg = Debug|Any CPU
		{5EBAF374-9AF5-444B-9186-70D846F8E746}.Debug|Any CPU.Build.0 = Debug|Any CPU
		{5EBAF374-9AF5-444B-9186-70D846F8E746}.Release|Any CPU.ActiveCfg = Release|Any CPU
		{5EBAF374-9AF5-444B-9186-70D846F8E746}.Release|Any CPU.Build.0 = Release|Any CPU
		{5578FD70-D0C0-4210-94F8-3E5C8085A1EF}.Debug|Any CPU.ActiveCfg = Debug|Any CPU
		{5578FD70-D0C0-4210-94F8-3E5C8085A1EF}.Debug|Any CPU.Build.0 = Debug|Any CPU
		{5578FD70-D0C0-4210-94F8-3E5C8085A1EF}.Release|Any CPU.ActiveCfg = Release|Any CPU
		{5578FD70-D0C0-4210-94F8-3E5C8085A1EF}.Release|Any CPU.Build.0 = Release|Any CPU
		{82948E71-0D88-4F90-935C-92A5AAB88639}.Debug|Any CPU.ActiveCfg = Debug|Any CPU
		{82948E71-0D88-4F90-935C-92A5AAB88639}.Debug|Any CPU.Build.0 = Debug|Any CPU
		{82948E71-0D88-4F90-935C-92A5AAB88639}.Release|Any CPU.ActiveCfg = Release|Any CPU
		{82948E71-0D88-4F90-935C-92A5AAB88639}.Release|Any CPU.Build.0 = Release|Any CPU
		{4B100AEB-171F-4167-AE18-943117E83744}.Debug|Any CPU.ActiveCfg = Debug|Any CPU
		{4B100AEB-171F-4167-AE18-943117E83744}.Debug|Any CPU.Build.0 = Debug|Any CPU
		{4B100AEB-171F-4167-AE18-943117E83744}.Release|Any CPU.ActiveCfg = Release|Any CPU
		{4B100AEB-171F-4167-AE18-943117E83744}.Release|Any CPU.Build.0 = Release|Any CPU
		{CFBEF248-3A7E-4D0C-BF9A-1C46707DA90D}.Debug|Any CPU.ActiveCfg = Debug|Any CPU
		{CFBEF248-3A7E-4D0C-BF9A-1C46707DA90D}.Debug|Any CPU.Build.0 = Debug|Any CPU
		{CFBEF248-3A7E-4D0C-BF9A-1C46707DA90D}.Release|Any CPU.ActiveCfg = Release|Any CPU
		{CFBEF248-3A7E-4D0C-BF9A-1C46707DA90D}.Release|Any CPU.Build.0 = Release|Any CPU
		{BE6BF3F6-6FA7-4636-A2A4-80705FE7E686}.Debug|Any CPU.ActiveCfg = Debug|Any CPU
		{BE6BF3F6-6FA7-4636-A2A4-80705FE7E686}.Debug|Any CPU.Build.0 = Debug|Any CPU
		{BE6BF3F6-6FA7-4636-A2A4-80705FE7E686}.Release|Any CPU.ActiveCfg = Release|Any CPU
		{BE6BF3F6-6FA7-4636-A2A4-80705FE7E686}.Release|Any CPU.Build.0 = Release|Any CPU
	EndGlobalSection
	GlobalSection(SolutionProperties) = preSolution
		HideSolutionNode = FALSE
	EndGlobalSection
	GlobalSection(NestedProjects) = preSolution
		{D57365FD-CD5F-49BE-8698-FDE1A121D501} = {457CCDD9-9C4D-4476-BCEE-8CB5E08DEE15}
		{0737180A-2CF9-4EBF-AB23-096DBCCA14C6} = {457CCDD9-9C4D-4476-BCEE-8CB5E08DEE15}
		{44043A2E-0B9C-4BE1-AB2F-9E05C37A642E} = {94D131DC-0483-4E8D-B00A-05C6C0E99253}
		{0F5B340F-9BEA-4294-9F04-25B4340271A4} = {94D131DC-0483-4E8D-B00A-05C6C0E99253}
		{7D03C8FA-5407-4F24-A018-31D3DBB02F46} = {D57365FD-CD5F-49BE-8698-FDE1A121D501}
		{5EBAF374-9AF5-444B-9186-70D846F8E746} = {0737180A-2CF9-4EBF-AB23-096DBCCA14C6}
		{5578FD70-D0C0-4210-94F8-3E5C8085A1EF} = {0737180A-2CF9-4EBF-AB23-096DBCCA14C6}
		{82948E71-0D88-4F90-935C-92A5AAB88639} = {0737180A-2CF9-4EBF-AB23-096DBCCA14C6}
		{4B100AEB-171F-4167-AE18-943117E83744} = {0737180A-2CF9-4EBF-AB23-096DBCCA14C6}
		{CFBEF248-3A7E-4D0C-BF9A-1C46707DA90D} = {8E643F23-C3CA-40E0-BCAD-394507511446}
		{BE6BF3F6-6FA7-4636-A2A4-80705FE7E686} = {1BD2B7D9-844F-4114-90E5-4A731726325A}
	EndGlobalSection
	GlobalSection(ExtensibilityGlobals) = postSolution
		SolutionGuid = {8BB1F89D-C21F-4EEA-8579-AFF4FE45D55A}
	EndGlobalSection
EndGlobal
